<Solution>
  <Folder Name="/.github/">
    <File Path=".github/renovate.json" />
  </Folder>
  <Folder Name="/.github/workflows/">
    <File Path=".github/workflows/build-and-test.yml" />
    <File Path=".github/workflows/codeql.yml" />
    <File Path=".github/workflows/publish-package.yml" />
  </Folder>
  <Folder Name="/src/">
    <Project Path="src/Soenneker.Streams.NonSeekable/Soenneker.Streams.NonSeekable.csproj" />
  </Folder>
  <Folder Name="/test/">
    <Project Path="test/Soenneker.Streams.NonSeekable.Tests/Soenneker.Streams.NonSeekable.Tests.csproj" />
  </Folder>
</Solution>
